// !$*UTF8*$!
{
	archiveVersion = 1;
	classes = {
	};
	objectVersion = 77;
	objects = {

/* Begin PBXBuildFile section */
		19600B392ED616010066E8A4 /* ReadiumShared in Frameworks */ = {isa = PBXBuildFile; platformFilter = ios; productRef = 19600B382ED616010066E8A4 /* ReadiumShared */; };
		19600B3B2ED616080066E8A4 /* ReadiumStreamer in Frameworks */ = {isa = PBXBuildFile; platformFilter = ios; productRef = 19600B3A2ED616080066E8A4 /* ReadiumStreamer */; };
		19600B3D2ED6160E0066E8A4 /* ReadiumNavigator in Frameworks */ = {isa = PBXBuildFile; platformFilter = ios; productRef = 19600B3C2ED6160E0066E8A4 /* ReadiumNavigator */; };
		19600B3F2ED6191F0066E8A4 /* ReadiumAdapterGCDWebServer in Frameworks */ = {isa = PBXBuildFile; platformFilter = ios; productRef = 19600B3E2ED6191F0066E8A4 /* ReadiumAdapterGCDWebServer */; };
		196028592ED9F7980066E8A4 /* SwiftSoup in Frameworks */ = {isa = PBXBuildFile; productRef = 196028582ED9F7980066E8A4 /* SwiftSoup */; };
		19FDF1152EC9DDC700F7C3D9 /* SDWebImageSwiftUI in Frameworks */ = {isa = PBXBuildFile; productRef = 6ACB831E4AA344E7B2C3D4DB1846B6A4 /* SDWebImageSwiftUI */; };
		19FDF1162EC9DDC700F7C3D9 /* SDWebImage in Frameworks */ = {isa = PBXBuildFile; productRef = 585D1923D403492AAB307C02B56DBF71 /* SDWebImage */; };
		19FDF1172EC9DDC700F7C3D9 /* SDWebImageWebPCoder in Frameworks */ = {isa = PBXBuildFile; productRef = 366522FBE7874AE69F5766E100695813 /* SDWebImageWebPCoder */; };
/* End PBXBuildFile section */

/* Begin PBXFileReference section */
		192E6F7D2EC4B4E20040D165 /* KMReader.app */ = {isa = PBXFileReference; explicitFileType = wrapper.application; includeInIndex = 0; path = KMReader.app; sourceTree = BUILT_PRODUCTS_DIR; };
/* End PBXFileReference section */

/* Begin PBXFileSystemSynchronizedBuildFileExceptionSet section */
		19BDCCB02EC5A7AB00CF5F26 /* Exceptions for "KMReader" folder in "KMReader" target */ = {
			isa = PBXFileSystemSynchronizedBuildFileExceptionSet;
			membershipExceptions = (
				Info.plist,
			);
			target = 192E6F7C2EC4B4E20040D165 /* KMReader */;
		};
/* End PBXFileSystemSynchronizedBuildFileExceptionSet section */

/* Begin PBXFileSystemSynchronizedRootGroup section */
		192E6F7F2EC4B4E20040D165 /* KMReader */ = {
			isa = PBXFileSystemSynchronizedRootGroup;
			exceptions = (
				19BDCCB02EC5A7AB00CF5F26 /* Exceptions for "KMReader" folder in "KMReader" target */,
			);
			path = KMReader;
			sourceTree = "<group>";
		};
/* End PBXFileSystemSynchronizedRootGroup section */

/* Begin PBXFrameworksBuildPhase section */
		192E6F7A2EC4B4E20040D165 /* Frameworks */ = {
			isa = PBXFrameworksBuildPhase;
			buildActionMask = 2147483647;
			files = (
				19FDF1172EC9DDC700F7C3D9 /* SDWebImageWebPCoder in Frameworks */,
				19FDF1162EC9DDC700F7C3D9 /* SDWebImage in Frameworks */,
				19600B3D2ED6160E0066E8A4 /* ReadiumNavigator in Frameworks */,
				19600B3F2ED6191F0066E8A4 /* ReadiumAdapterGCDWebServer in Frameworks */,
				19FDF1152EC9DDC700F7C3D9 /* SDWebImageSwiftUI in Frameworks */,
				196028592ED9F7980066E8A4 /* SwiftSoup in Frameworks */,
				19600B392ED616010066E8A4 /* ReadiumShared in Frameworks */,
				19600B3B2ED616080066E8A4 /* ReadiumStreamer in Frameworks */,
			);
			runOnlyForDeploymentPostprocessing = 0;
		};
/* End PBXFrameworksBuildPhase section */

/* Begin PBXGroup section */
		192E6F742EC4B4E20040D165 = {
			isa = PBXGroup;
			children = (
				192E6F7F2EC4B4E20040D165 /* KMReader */,
				19600B372ED616010066E8A4 /* Frameworks */,
				192E6F7E2EC4B4E20040D165 /* Products */,
			);
			sourceTree = "<group>";
		};
		192E6F7E2EC4B4E20040D165 /* Products */ = {
			isa = PBXGroup;
			children = (
				192E6F7D2EC4B4E20040D165 /* KMReader.app */,
			);
			name = Products;
			sourceTree = "<group>";
		};
		19600B372ED616010066E8A4 /* Frameworks */ = {
			isa = PBXGroup;
			children = (
			);
			name = Frameworks;
			sourceTree = "<group>";
		};
/* End PBXGroup section */

/* Begin PBXNativeTarget section */
		192E6F7C2EC4B4E20040D165 /* KMReader */ = {
			isa = PBXNativeTarget;
			buildConfigurationList = 192E6F8A2EC4B4E30040D165 /* Build configuration list for PBXNativeTarget "KMReader" */;
			buildPhases = (
				192E6F792EC4B4E20040D165 /* Sources */,
				192E6F7A2EC4B4E20040D165 /* Frameworks */,
				192E6F7B2EC4B4E20040D165 /* Resources */,
			);
			buildRules = (
			);
			dependencies = (
			);
			fileSystemSynchronizedGroups = (
				192E6F7F2EC4B4E20040D165 /* KMReader */,
			);
			name = KMReader;
			packageProductDependencies = (
				6ACB831E4AA344E7B2C3D4DB1846B6A4 /* SDWebImageSwiftUI */,
				585D1923D403492AAB307C02B56DBF71 /* SDWebImage */,
				366522FBE7874AE69F5766E100695813 /* SDWebImageWebPCoder */,
				19600B382ED616010066E8A4 /* ReadiumShared */,
				19600B3A2ED616080066E8A4 /* ReadiumStreamer */,
				19600B3C2ED6160E0066E8A4 /* ReadiumNavigator */,
				19600B3E2ED6191F0066E8A4 /* ReadiumAdapterGCDWebServer */,
				196028582ED9F7980066E8A4 /* SwiftSoup */,
			);
			productName = KMReader;
			productReference = 192E6F7D2EC4B4E20040D165 /* KMReader.app */;
			productType = "com.apple.product-type.application";
		};
/* End PBXNativeTarget section */

/* Begin PBXProject section */
		192E6F752EC4B4E20040D165 /* Project object */ = {
			isa = PBXProject;
			attributes = {
				BuildIndependentTargetsInParallel = 1;
				LastSwiftUpdateCheck = 2610;
				LastUpgradeCheck = 2610;
				TargetAttributes = {
					192E6F7C2EC4B4E20040D165 = {
						CreatedOnToolsVersion = 26.1;
					};
				};
			};
			buildConfigurationList = 192E6F782EC4B4E20040D165 /* Build configuration list for PBXProject "KMReader" */;
			developmentRegion = en;
			hasScannedForEncodings = 0;
			knownRegions = (
				en,
				Base,
			);
			mainGroup = 192E6F742EC4B4E20040D165;
			minimizedProjectReferenceProxies = 1;
			packageReferences = (
				2613A3AD30B447F5930F404F87737776 /* XCRemoteSwiftPackageReference "SDWebImageSwiftUI" */,
				E33A9BBEAD1748D5A8E6C01BF9317DFD /* XCRemoteSwiftPackageReference "SDWebImageWebPCoder" */,
				19600B362ED615C20066E8A4 /* XCRemoteSwiftPackageReference "swift-toolkit" */,
				196028572ED9F7980066E8A4 /* XCRemoteSwiftPackageReference "SwiftSoup" */,
			);
			preferredProjectObjectVersion = 77;
			productRefGroup = 192E6F7E2EC4B4E20040D165 /* Products */;
			projectDirPath = "";
			projectRoot = "";
			targets = (
				192E6F7C2EC4B4E20040D165 /* KMReader */,
			);
		};
/* End PBXProject section */

/* Begin PBXResourcesBuildPhase section */
		192E6F7B2EC4B4E20040D165 /* Resources */ = {
			isa = PBXResourcesBuildPhase;
			buildActionMask = 2147483647;
			files = (
			);
			runOnlyForDeploymentPostprocessing = 0;
		};
/* End PBXResourcesBuildPhase section */

/* Begin PBXSourcesBuildPhase section */
		192E6F792EC4B4E20040D165 /* Sources */ = {
			isa = PBXSourcesBuildPhase;
			buildActionMask = 2147483647;
			files = (
			);
			runOnlyForDeploymentPostprocessing = 0;
		};
/* End PBXSourcesBuildPhase section */

/* Begin XCBuildConfiguration section */
		192E6F882EC4B4E30040D165 /* Debug */ = {
			isa = XCBuildConfiguration;
			buildSettings = {
				ALWAYS_SEARCH_USER_PATHS = NO;
				ASSETCATALOG_COMPILER_GENERATE_SWIFT_ASSET_SYMBOL_EXTENSIONS = YES;
				CLANG_ANALYZER_NONNULL = YES;
				CLANG_ANALYZER_NUMBER_OBJECT_CONVERSION = YES_AGGRESSIVE;
				CLANG_CXX_LANGUAGE_STANDARD = "gnu++20";
				CLANG_ENABLE_MODULES = YES;
				CLANG_ENABLE_OBJC_ARC = YES;
				CLANG_ENABLE_OBJC_WEAK = YES;
				CLANG_WARN_BLOCK_CAPTURE_AUTORELEASING = YES;
				CLANG_WARN_BOOL_CONVERSION = YES;
				CLANG_WARN_COMMA = YES;
				CLANG_WARN_CONSTANT_CONVERSION = YES;
				CLANG_WARN_DEPRECATED_OBJC_IMPLEMENTATIONS = YES;
				CLANG_WARN_DIRECT_OBJC_ISA_USAGE = YES_ERROR;
				CLANG_WARN_DOCUMENTATION_COMMENTS = YES;
				CLANG_WARN_EMPTY_BODY = YES;
				CLANG_WARN_ENUM_CONVERSION = YES;
				CLANG_WARN_INFINITE_RECURSION = YES;
				CLANG_WARN_INT_CONVERSION = YES;
				CLANG_WARN_NON_LITERAL_NULL_CONVERSION = YES;
				CLANG_WARN_OBJC_IMPLICIT_RETAIN_SELF = YES;
				CLANG_WARN_OBJC_LITERAL_CONVERSION = YES;
				CLANG_WARN_OBJC_ROOT_CLASS = YES_ERROR;
				CLANG_WARN_QUOTED_INCLUDE_IN_FRAMEWORK_HEADER = YES;
				CLANG_WARN_RANGE_LOOP_ANALYSIS = YES;
				CLANG_WARN_STRICT_PROTOTYPES = YES;
				CLANG_WARN_SUSPICIOUS_MOVE = YES;
				CLANG_WARN_UNGUARDED_AVAILABILITY = YES_AGGRESSIVE;
				CLANG_WARN_UNREACHABLE_CODE = YES;
				CLANG_WARN__DUPLICATE_METHOD_MATCH = YES;
				COPY_PHASE_STRIP = NO;
				DEBUG_INFORMATION_FORMAT = dwarf;
				DEVELOPMENT_TEAM = M777UHWZA4;
				ENABLE_STRICT_OBJC_MSGSEND = YES;
				ENABLE_TESTABILITY = YES;
				ENABLE_USER_SCRIPT_SANDBOXING = YES;
				GCC_C_LANGUAGE_STANDARD = gnu17;
				GCC_DYNAMIC_NO_PIC = NO;
				GCC_NO_COMMON_BLOCKS = YES;
				GCC_OPTIMIZATION_LEVEL = 0;
				GCC_PREPROCESSOR_DEFINITIONS = (
					"DEBUG=1",
					"$(inherited)",
				);
				GCC_WARN_64_TO_32_BIT_CONVERSION = YES;
				GCC_WARN_ABOUT_RETURN_TYPE = YES_ERROR;
				GCC_WARN_UNDECLARED_SELECTOR = YES;
				GCC_WARN_UNINITIALIZED_AUTOS = YES_AGGRESSIVE;
				GCC_WARN_UNUSED_FUNCTION = YES;
				GCC_WARN_UNUSED_VARIABLE = YES;
				IPHONEOS_DEPLOYMENT_TARGET = 26.1;
				LOCALIZATION_PREFERS_STRING_CATALOGS = YES;
				MTL_ENABLE_DEBUG_INFO = INCLUDE_SOURCE;
				MTL_FAST_MATH = YES;
				ONLY_ACTIVE_ARCH = YES;
				SDKROOT = iphoneos;
				SWIFT_ACTIVE_COMPILATION_CONDITIONS = "DEBUG $(inherited)";
				SWIFT_OPTIMIZATION_LEVEL = "-Onone";
			};
			name = Debug;
		};
		192E6F892EC4B4E30040D165 /* Release */ = {
			isa = XCBuildConfiguration;
			buildSettings = {
				ALWAYS_SEARCH_USER_PATHS = NO;
				ASSETCATALOG_COMPILER_GENERATE_SWIFT_ASSET_SYMBOL_EXTENSIONS = YES;
				CLANG_ANALYZER_NONNULL = YES;
				CLANG_ANALYZER_NUMBER_OBJECT_CONVERSION = YES_AGGRESSIVE;
				CLANG_CXX_LANGUAGE_STANDARD = "gnu++20";
				CLANG_ENABLE_MODULES = YES;
				CLANG_ENABLE_OBJC_ARC = YES;
				CLANG_ENABLE_OBJC_WEAK = YES;
				CLANG_WARN_BLOCK_CAPTURE_AUTORELEASING = YES;
				CLANG_WARN_BOOL_CONVERSION = YES;
				CLANG_WARN_COMMA = YES;
				CLANG_WARN_CONSTANT_CONVERSION = YES;
				CLANG_WARN_DEPRECATED_OBJC_IMPLEMENTATIONS = YES;
				CLANG_WARN_DIRECT_OBJC_ISA_USAGE = YES_ERROR;
				CLANG_WARN_DOCUMENTATION_COMMENTS = YES;
				CLANG_WARN_EMPTY_BODY = YES;
				CLANG_WARN_ENUM_CONVERSION = YES;
				CLANG_WARN_INFINITE_RECURSION = YES;
				CLANG_WARN_INT_CONVERSION = YES;
				CLANG_WARN_NON_LITERAL_NULL_CONVERSION = YES;
				CLANG_WARN_OBJC_IMPLICIT_RETAIN_SELF = YES;
				CLANG_WARN_OBJC_LITERAL_CONVERSION = YES;
				CLANG_WARN_OBJC_ROOT_CLASS = YES_ERROR;
				CLANG_WARN_QUOTED_INCLUDE_IN_FRAMEWORK_HEADER = YES;
				CLANG_WARN_RANGE_LOOP_ANALYSIS = YES;
				CLANG_WARN_STRICT_PROTOTYPES = YES;
				CLANG_WARN_SUSPICIOUS_MOVE = YES;
				CLANG_WARN_UNGUARDED_AVAILABILITY = YES_AGGRESSIVE;
				CLANG_WARN_UNREACHABLE_CODE = YES;
				CLANG_WARN__DUPLICATE_METHOD_MATCH = YES;
				COPY_PHASE_STRIP = NO;
				DEBUG_INFORMATION_FORMAT = "dwarf-with-dsym";
				DEVELOPMENT_TEAM = M777UHWZA4;
				ENABLE_NS_ASSERTIONS = NO;
				ENABLE_STRICT_OBJC_MSGSEND = YES;
				ENABLE_USER_SCRIPT_SANDBOXING = YES;
				GCC_C_LANGUAGE_STANDARD = gnu17;
				GCC_NO_COMMON_BLOCKS = YES;
				GCC_WARN_64_TO_32_BIT_CONVERSION = YES;
				GCC_WARN_ABOUT_RETURN_TYPE = YES_ERROR;
				GCC_WARN_UNDECLARED_SELECTOR = YES;
				GCC_WARN_UNINITIALIZED_AUTOS = YES_AGGRESSIVE;
				GCC_WARN_UNUSED_FUNCTION = YES;
				GCC_WARN_UNUSED_VARIABLE = YES;
				IPHONEOS_DEPLOYMENT_TARGET = 26.1;
				LOCALIZATION_PREFERS_STRING_CATALOGS = YES;
				MTL_ENABLE_DEBUG_INFO = NO;
				MTL_FAST_MATH = YES;
				SDKROOT = iphoneos;
				SWIFT_COMPILATION_MODE = wholemodule;
				VALIDATE_PRODUCT = YES;
			};
			name = Release;
		};
		192E6F8B2EC4B4E30040D165 /* Debug */ = {
			isa = XCBuildConfiguration;
			buildSettings = {
				ASSETCATALOG_COMPILER_APPICON_NAME = AppIcon;
				ASSETCATALOG_COMPILER_GLOBAL_ACCENT_COLOR_NAME = AccentColor;
				ASSETCATALOG_COMPILER_INCLUDE_ALL_APPICON_ASSETS = YES;
				CODE_SIGN_ENTITLEMENTS = KMReader/KMReader.entitlements;
				CODE_SIGN_IDENTITY = "Apple Development";
				CODE_SIGN_STYLE = Automatic;
				CURRENT_PROJECT_VERSION = 126;
				DEVELOPMENT_TEAM = M777UHWZA4;
				ENABLE_APP_SANDBOX = YES;
				ENABLE_HARDENED_RUNTIME = YES;
				ENABLE_OUTGOING_NETWORK_CONNECTIONS = YES;
				ENABLE_PREVIEWS = YES;
				ENABLE_RESOURCE_ACCESS_PHOTO_LIBRARY = YES;
				GENERATE_INFOPLIST_FILE = YES;
				INFOPLIST_FILE = KMReader/Info.plist;
				INFOPLIST_KEY_CFBundleDisplayName = KMReader;
				INFOPLIST_KEY_ITSAppUsesNonExemptEncryption = NO;
				INFOPLIST_KEY_LSApplicationCategoryType = "public.app-category.utilities";
				INFOPLIST_KEY_UIApplicationSceneManifest_Generation = YES;
				INFOPLIST_KEY_UIApplicationSupportsIndirectInputEvents = YES;
				INFOPLIST_KEY_UILaunchScreen_Generation = YES;
				INFOPLIST_KEY_UISupportedInterfaceOrientations_iPad = "UIInterfaceOrientationPortrait UIInterfaceOrientationPortraitUpsideDown UIInterfaceOrientationLandscapeLeft UIInterfaceOrientationLandscapeRight";
				INFOPLIST_KEY_UISupportedInterfaceOrientations_iPhone = "UIInterfaceOrientationPortrait UIInterfaceOrientationLandscapeLeft UIInterfaceOrientationLandscapeRight";
				IPHONEOS_DEPLOYMENT_TARGET = 17.0;
				LD_RUNPATH_SEARCH_PATHS = (
					"$(inherited)",
					"@executable_path/Frameworks",
				);
				MACOSX_DEPLOYMENT_TARGET = 14;
				MARKETING_VERSION = 1.2.2;
				PRODUCT_BUNDLE_IDENTIFIER = com.everpcpc.Komga;
				PRODUCT_NAME = "$(TARGET_NAME)";
				PROVISIONING_PROFILE_SPECIFIER = "";
				REGISTER_APP_GROUPS = YES;
				STRING_CATALOG_GENERATE_SYMBOLS = YES;
				SUPPORTED_PLATFORMS = "appletvos appletvsimulator iphoneos iphonesimulator macosx";
				SUPPORTS_MACCATALYST = NO;
				SUPPORTS_MAC_DESIGNED_FOR_IPHONE_IPAD = NO;
				SUPPORTS_XR_DESIGNED_FOR_IPHONE_IPAD = NO;
				SWIFT_APPROACHABLE_CONCURRENCY = YES;
				SWIFT_DEFAULT_ACTOR_ISOLATION = MainActor;
				SWIFT_EMIT_LOC_STRINGS = YES;
				SWIFT_UPCOMING_FEATURE_MEMBER_IMPORT_VISIBILITY = YES;
				SWIFT_VERSION = 5.0;
				TARGETED_DEVICE_FAMILY = "1,2,3";
				TVOS_DEPLOYMENT_TARGET = 17.0;
			};
			name = Debug;
		};
		192E6F8C2EC4B4E30040D165 /* Release */ = {
			isa = XCBuildConfiguration;
			buildSettings = {
				ASSETCATALOG_COMPILER_APPICON_NAME = AppIcon;
				ASSETCATALOG_COMPILER_GLOBAL_ACCENT_COLOR_NAME = AccentColor;
				ASSETCATALOG_COMPILER_INCLUDE_ALL_APPICON_ASSETS = YES;
				CODE_SIGN_ENTITLEMENTS = KMReader/KMReader.entitlements;
				CODE_SIGN_IDENTITY = "Apple Distribution";
				CODE_SIGN_STYLE = Manual;
				CURRENT_PROJECT_VERSION = 126;
				DEVELOPMENT_TEAM = "";
				"DEVELOPMENT_TEAM[sdk=appletvos*]" = M777UHWZA4;
				"DEVELOPMENT_TEAM[sdk=iphoneos*]" = M777UHWZA4;
				"DEVELOPMENT_TEAM[sdk=macosx*]" = M777UHWZA4;
				ENABLE_APP_SANDBOX = YES;
				ENABLE_HARDENED_RUNTIME = YES;
				ENABLE_OUTGOING_NETWORK_CONNECTIONS = YES;
				ENABLE_PREVIEWS = YES;
				ENABLE_RESOURCE_ACCESS_PHOTO_LIBRARY = YES;
				GENERATE_INFOPLIST_FILE = YES;
				INFOPLIST_FILE = KMReader/Info.plist;
				INFOPLIST_KEY_CFBundleDisplayName = KMReader;
				INFOPLIST_KEY_ITSAppUsesNonExemptEncryption = NO;
				INFOPLIST_KEY_LSApplicationCategoryType = "public.app-category.utilities";
				INFOPLIST_KEY_UIApplicationSceneManifest_Generation = YES;
				INFOPLIST_KEY_UIApplicationSupportsIndirectInputEvents = YES;
				INFOPLIST_KEY_UILaunchScreen_Generation = YES;
				INFOPLIST_KEY_UISupportedInterfaceOrientations_iPad = "UIInterfaceOrientationPortrait UIInterfaceOrientationPortraitUpsideDown UIInterfaceOrientationLandscapeLeft UIInterfaceOrientationLandscapeRight";
				INFOPLIST_KEY_UISupportedInterfaceOrientations_iPhone = "UIInterfaceOrientationPortrait UIInterfaceOrientationLandscapeLeft UIInterfaceOrientationLandscapeRight";
				IPHONEOS_DEPLOYMENT_TARGET = 17.0;
				LD_RUNPATH_SEARCH_PATHS = (
					"$(inherited)",
					"@executable_path/Frameworks",
				);
				MACOSX_DEPLOYMENT_TARGET = 14;
				MARKETING_VERSION = 1.2.2;
				PRODUCT_BUNDLE_IDENTIFIER = com.everpcpc.Komga;
				PRODUCT_NAME = "$(TARGET_NAME)";
				PROVISIONING_PROFILE_SPECIFIER = "";
				"PROVISIONING_PROFILE_SPECIFIER[sdk=appletvos*]" = "KMReader tvOS";
				"PROVISIONING_PROFILE_SPECIFIER[sdk=iphoneos*]" = "KMReader iOS";
				"PROVISIONING_PROFILE_SPECIFIER[sdk=macosx*]" = "KMReader macOS";
				REGISTER_APP_GROUPS = YES;
				STRING_CATALOG_GENERATE_SYMBOLS = YES;
				SUPPORTED_PLATFORMS = "appletvos appletvsimulator iphoneos iphonesimulator macosx";
				SUPPORTS_MACCATALYST = NO;
				SUPPORTS_MAC_DESIGNED_FOR_IPHONE_IPAD = NO;
				SUPPORTS_XR_DESIGNED_FOR_IPHONE_IPAD = NO;
				SWIFT_APPROACHABLE_CONCURRENCY = YES;
				SWIFT_DEFAULT_ACTOR_ISOLATION = MainActor;
				SWIFT_EMIT_LOC_STRINGS = YES;
				SWIFT_UPCOMING_FEATURE_MEMBER_IMPORT_VISIBILITY = YES;
				SWIFT_VERSION = 5.0;
				TARGETED_DEVICE_FAMILY = "1,2,3";
				TVOS_DEPLOYMENT_TARGET = 17.0;
			};
			name = Release;
		};
/* End XCBuildConfiguration section */

/* Begin XCConfigurationList section */
		192E6F782EC4B4E20040D165 /* Build configuration list for PBXProject "KMReader" */ = {
			isa = XCConfigurationList;
			buildConfigurations = (
				192E6F882EC4B4E30040D165 /* Debug */,
				192E6F892EC4B4E30040D165 /* Release */,
			);
			defaultConfigurationIsVisible = 0;
			defaultConfigurationName = Release;
		};
		192E6F8A2EC4B4E30040D165 /* Build configuration list for PBXNativeTarget "KMReader" */ = {
			isa = XCConfigurationList;
			buildConfigurations = (
				192E6F8B2EC4B4E30040D165 /* Debug */,
				192E6F8C2EC4B4E30040D165 /* Release */,
			);
			defaultConfigurationIsVisible = 0;
			defaultConfigurationName = Release;
		};
/* End XCConfigurationList section */

/* Begin XCRemoteSwiftPackageReference section */
		19600B362ED615C20066E8A4 /* XCRemoteSwiftPackageReference "swift-toolkit" */ = {
			isa = XCRemoteSwiftPackageReference;
			repositoryURL = "https://github.com/readium/swift-toolkit";
			requirement = {
				kind = upToNextMajorVersion;
				minimumVersion = 3.5.0;
			};
		};
		196028572ED9F7980066E8A4 /* XCRemoteSwiftPackageReference "SwiftSoup" */ = {
			isa = XCRemoteSwiftPackageReference;
			repositoryURL = "https://github.com/scinfu/SwiftSoup";
			requirement = {
				kind = upToNextMajorVersion;
				minimumVersion = 2.11.2;
			};
		};
		2613A3AD30B447F5930F404F87737776 /* XCRemoteSwiftPackageReference "SDWebImageSwiftUI" */ = {
			isa = XCRemoteSwiftPackageReference;
			repositoryURL = "https://github.com/SDWebImage/SDWebImageSwiftUI.git";
			requirement = {
				kind = upToNextMajorVersion;
				minimumVersion = 2.0.0;
			};
		};
		E33A9BBEAD1748D5A8E6C01BF9317DFD /* XCRemoteSwiftPackageReference "SDWebImageWebPCoder" */ = {
			isa = XCRemoteSwiftPackageReference;
			repositoryURL = "https://github.com/SDWebImage/SDWebImageWebPCoder.git";
			requirement = {
				kind = upToNextMajorVersion;
				minimumVersion = 0.1.0;
			};
		};
/* End XCRemoteSwiftPackageReference section */

/* Begin XCSwiftPackageProductDependency section */
		19600B382ED616010066E8A4 /* ReadiumShared */ = {
			isa = XCSwiftPackageProductDependency;
			package = 19600B362ED615C20066E8A4 /* XCRemoteSwiftPackageReference "swift-toolkit" */;
			productName = ReadiumShared;
		};
		19600B3A2ED616080066E8A4 /* ReadiumStreamer */ = {
			isa = XCSwiftPackageProductDependency;
			package = 19600B362ED615C20066E8A4 /* XCRemoteSwiftPackageReference "swift-toolkit" */;
			productName = ReadiumStreamer;
		};
		19600B3C2ED6160E0066E8A4 /* ReadiumNavigator */ = {
			isa = XCSwiftPackageProductDependency;
			package = 19600B362ED615C20066E8A4 /* XCRemoteSwiftPackageReference "swift-toolkit" */;
			productName = ReadiumNavigator;
		};
		19600B3E2ED6191F0066E8A4 /* ReadiumAdapterGCDWebServer */ = {
			isa = XCSwiftPackageProductDependency;
			package = 19600B362ED615C20066E8A4 /* XCRemoteSwiftPackageReference "swift-toolkit" */;
			productName = ReadiumAdapterGCDWebServer;
		};
		196028582ED9F7980066E8A4 /* SwiftSoup */ = {
			isa = XCSwiftPackageProductDependency;
			package = 196028572ED9F7980066E8A4 /* XCRemoteSwiftPackageReference "SwiftSoup" */;
			productName = SwiftSoup;
		};
		366522FBE7874AE69F5766E100695813 /* SDWebImageWebPCoder */ = {
			isa = XCSwiftPackageProductDependency;
			package = E33A9BBEAD1748D5A8E6C01BF9317DFD /* XCRemoteSwiftPackageReference "SDWebImageWebPCoder" */;
			productName = SDWebImageWebPCoder;
		};
		585D1923D403492AAB307C02B56DBF71 /* SDWebImage */ = {
			isa = XCSwiftPackageProductDependency;
			package = 2613A3AD30B447F5930F404F87737776 /* XCRemoteSwiftPackageReference "SDWebImageSwiftUI" */;
			productName = SDWebImage;
		};
		6ACB831E4AA344E7B2C3D4DB1846B6A4 /* SDWebImageSwiftUI */ = {
			isa = XCSwiftPackageProductDependency;
			package = 2613A3AD30B447F5930F404F87737776 /* XCRemoteSwiftPackageReference "SDWebImageSwiftUI" */;
			productName = SDWebImageSwiftUI;
		};
/* End XCSwiftPackageProductDependency section */
	};
	rootObject = 192E6F752EC4B4E20040D165 /* Project object */;
}
